
Microsoft Visual Studio Solution File, Format Version 12.00
# Visual Studio Version 16
VisualStudioVersion = 16.0.32002.261
MinimumVisualStudioVersion = 10.0.40219.1
Project("{FAE04EC0-301F-11D3-BF4B-00C04F79EFBC}") = "EAP", "EAP\EAP.csproj", "{D4EBB7CD-9E19-4A5D-8B1E-F8136760919E}"
EndProject
Global
	GlobalSection(SolutionConfigurationPlatforms) = preSolution
		Debug|Any CPU = Debug|Any CPU
		Release|Any CPU = Release|Any CPU
	EndGlobalSection
	GlobalSection(ProjectConfigurationPlatforms) = postSolution
		{D4EBB7CD-9E19-4A5D-8B1E-F8136760919E}.Debug|Any CPU.ActiveCfg = Debug|Any CPU
		{D4EBB7CD-9E19-4A5D-8B1E-F8136760919E}.Debug|Any CPU.Build.0 = Debug|Any CPU
		{D4EBB7CD-9E19-4A5D-8B1E-F8136760919E}.Release|Any CPU.ActiveCfg = Release|Any CPU
		{D4EBB7CD-9E19-4A5D-8B1E-F8136760919E}.Release|Any CPU.Build.0 = Release|Any CPU
	EndGlobalSection
	GlobalSection(SolutionProperties) = preSolution
		HideSolutionNode = FALSE
	EndGlobalSection
	GlobalSection(ExtensibilityGlobals) = postSolution
		SolutionGuid = {C0C6450A-C4A9-4067-BDFD-8FED860929DB}
	EndGlobalSection
EndGlobal
